// !$*UTF8*$!
{
	archiveVersion = 1;
	classes = {
	};
	objectVersion = 56;
	objects = {

/* Begin PBXBuildFile section */
		BD1E4D252A7BAD4300A5F2DF /* GifImage.swift in Sources */ = {isa = PBXBuildFile; fileRef = BD1E4D242A7BAD4300A5F2DF /* GifImage.swift */; };
		BD1E4D272A7BAD5E00A5F2DF /* csilla-rodonyi-underwater-019.gif in Resources */ = {isa = PBXBuildFile; fileRef = BD1E4D262A7BAD5E00A5F2DF /* csilla-rodonyi-underwater-019.gif */; };
		BD2DBC132A7A627700233CD9 /* MovieGenresView.swift in Sources */ = {isa = PBXBuildFile; fileRef = BD2DBC122A7A627700233CD9 /* MovieGenresView.swift */; };
		BD2DBC152A7A84C600233CD9 /* NavBarTest.swift in Sources */ = {isa = PBXBuildFile; fileRef = BD2DBC142A7A84C600233CD9 /* NavBarTest.swift */; };
		BD2DBC182A7A896C00233CD9 /* FLAnimatedImage in Frameworks */ = {isa = PBXBuildFile; productRef = BD2DBC172A7A896C00233CD9 /* FLAnimatedImage */; };
		BD3E6E952A7BBBE900DD2893 /* UsFilmView.swift in Sources */ = {isa = PBXBuildFile; fileRef = BD3E6E942A7BBBE900DD2893 /* UsFilmView.swift */; };
		BDDB30DD2A7914FF00BC4A0F /* finalProjectApp.swift in Sources */ = {isa = PBXBuildFile; fileRef = BDDB30DC2A7914FF00BC4A0F /* finalProjectApp.swift */; };
		BDDB30DF2A7914FF00BC4A0F /* ContentView.swift in Sources */ = {isa = PBXBuildFile; fileRef = BDDB30DE2A7914FF00BC4A0F /* ContentView.swift */; };
		BDDB30E12A7914FF00BC4A0F /* Assets.xcassets in Resources */ = {isa = PBXBuildFile; fileRef = BDDB30E02A7914FF00BC4A0F /* Assets.xcassets */; };
		BDDB30E42A7914FF00BC4A0F /* Preview Assets.xcassets in Resources */ = {isa = PBXBuildFile; fileRef = BDDB30E32A7914FF00BC4A0F /* Preview Assets.xcassets */; };
		BDDB30ED2A79162A00BC4A0F /* CategoriesPage.swift in Sources */ = {isa = PBXBuildFile; fileRef = BDDB30EC2A79162A00BC4A0F /* CategoriesPage.swift */; };
		BDDB30F12A79165D00BC4A0F /* RecsView.swift in Sources */ = {isa = PBXBuildFile; fileRef = BDDB30F02A79165D00BC4A0F /* RecsView.swift */; };
		BDDB30F32A79167600BC4A0F /* MyListView.swift in Sources */ = {isa = PBXBuildFile; fileRef = BDDB30F22A79167600BC4A0F /* MyListView.swift */; };
		BDDB30F72A7942A400BC4A0F /* HorrorQOne.swift in Sources */ = {isa = PBXBuildFile; fileRef = BDDB30F62A7942A400BC4A0F /* HorrorQOne.swift */; };
		BDDB30F92A794D8A00BC4A0F /* HorrorQTWO.swift in Sources */ = {isa = PBXBuildFile; fileRef = BDDB30F82A794D8A00BC4A0F /* HorrorQTWO.swift */; };
		F87FCA042A7AE69F00939C80 /* HorrorQThree.swift in Sources */ = {isa = PBXBuildFile; fileRef = F87FCA032A7AE69F00939C80 /* HorrorQThree.swift */; };
/* End PBXBuildFile section */

/* Begin PBXFileReference section */
		BD1E4D242A7BAD4300A5F2DF /* GifImage.swift */ = {isa = PBXFileReference; lastKnownFileType = sourcecode.swift; path = GifImage.swift; sourceTree = "<group>"; };
		BD1E4D262A7BAD5E00A5F2DF /* csilla-rodonyi-underwater-019.gif */ = {isa = PBXFileReference; lastKnownFileType = image.gif; path = "csilla-rodonyi-underwater-019.gif"; sourceTree = "<group>"; };
		BD2DBC122A7A627700233CD9 /* MovieGenresView.swift */ = {isa = PBXFileReference; lastKnownFileType = sourcecode.swift; path = MovieGenresView.swift; sourceTree = "<group>"; };
		BD2DBC142A7A84C600233CD9 /* NavBarTest.swift */ = {isa = PBXFileReference; lastKnownFileType = sourcecode.swift; path = NavBarTest.swift; sourceTree = "<group>"; };
		BD3E6E942A7BBBE900DD2893 /* UsFilmView.swift */ = {isa = PBXFileReference; lastKnownFileType = sourcecode.swift; path = UsFilmView.swift; sourceTree = "<group>"; };
		BDDB30D92A7914FF00BC4A0F /* finalProject.app */ = {isa = PBXFileReference; explicitFileType = wrapper.application; includeInIndex = 0; path = finalProject.app; sourceTree = BUILT_PRODUCTS_DIR; };
		BDDB30DC2A7914FF00BC4A0F /* finalProjectApp.swift */ = {isa = PBXFileReference; lastKnownFileType = sourcecode.swift; path = finalProjectApp.swift; sourceTree = "<group>"; };
		BDDB30DE2A7914FF00BC4A0F /* ContentView.swift */ = {isa = PBXFileReference; lastKnownFileType = sourcecode.swift; path = ContentView.swift; sourceTree = "<group>"; };
		BDDB30E02A7914FF00BC4A0F /* Assets.xcassets */ = {isa = PBXFileReference; lastKnownFileType = folder.assetcatalog; path = Assets.xcassets; sourceTree = "<group>"; };
		BDDB30E32A7914FF00BC4A0F /* Preview Assets.xcassets */ = {isa = PBXFileReference; lastKnownFileType = folder.assetcatalog; path = "Preview Assets.xcassets"; sourceTree = "<group>"; };
		BDDB30EC2A79162A00BC4A0F /* CategoriesPage.swift */ = {isa = PBXFileReference; lastKnownFileType = sourcecode.swift; path = CategoriesPage.swift; sourceTree = "<group>"; };
		BDDB30F02A79165D00BC4A0F /* RecsView.swift */ = {isa = PBXFileReference; lastKnownFileType = sourcecode.swift; path = RecsView.swift; sourceTree = "<group>"; };
		BDDB30F22A79167600BC4A0F /* MyListView.swift */ = {isa = PBXFileReference; lastKnownFileType = sourcecode.swift; path = MyListView.swift; sourceTree = "<group>"; };
		BDDB30F62A7942A400BC4A0F /* HorrorQOne.swift */ = {isa = PBXFileReference; lastKnownFileType = sourcecode.swift; path = HorrorQOne.swift; sourceTree = "<group>"; };
		BDDB30F82A794D8A00BC4A0F /* HorrorQTWO.swift */ = {isa = PBXFileReference; lastKnownFileType = sourcecode.swift; path = HorrorQTWO.swift; sourceTree = "<group>"; };
		F87FCA032A7AE69F00939C80 /* HorrorQThree.swift */ = {isa = PBXFileReference; lastKnownFileType = sourcecode.swift; path = HorrorQThree.swift; sourceTree = "<group>"; };
/* End PBXFileReference section */

/* Begin PBXFrameworksBuildPhase section */
		BDDB30D62A7914FF00BC4A0F /* Frameworks */ = {
			isa = PBXFrameworksBuildPhase;
			buildActionMask = 2147483647;
			files = (
				BD2DBC182A7A896C00233CD9 /* FLAnimatedImage in Frameworks */,
			);
			runOnlyForDeploymentPostprocessing = 0;
		};
/* End PBXFrameworksBuildPhase section */

/* Begin PBXGroup section */
		BDDB30D02A7914FF00BC4A0F = {
			isa = PBXGroup;
			children = (
				BDDB30DB2A7914FF00BC4A0F /* finalProject */,
				BDDB30DA2A7914FF00BC4A0F /* Products */,
			);
			sourceTree = "<group>";
		};
		BDDB30DA2A7914FF00BC4A0F /* Products */ = {
			isa = PBXGroup;
			children = (
				BDDB30D92A7914FF00BC4A0F /* finalProject.app */,
			);
			name = Products;
			sourceTree = "<group>";
		};
		BDDB30DB2A7914FF00BC4A0F /* finalProject */ = {
			isa = PBXGroup;
			children = (
				BDDB30DC2A7914FF00BC4A0F /* finalProjectApp.swift */,
				BDDB30DE2A7914FF00BC4A0F /* ContentView.swift */,
				BDDB30EC2A79162A00BC4A0F /* CategoriesPage.swift */,
				BD2DBC122A7A627700233CD9 /* MovieGenresView.swift */,
				BDDB30F62A7942A400BC4A0F /* HorrorQOne.swift */,
				BDDB30F82A794D8A00BC4A0F /* HorrorQTWO.swift */,
				F87FCA032A7AE69F00939C80 /* HorrorQThree.swift */,
				BDDB30F02A79165D00BC4A0F /* RecsView.swift */,
				BDDB30F22A79167600BC4A0F /* MyListView.swift */,
				BD3E6E942A7BBBE900DD2893 /* UsFilmView.swift */,
				BD2DBC142A7A84C600233CD9 /* NavBarTest.swift */,
				BD1E4D262A7BAD5E00A5F2DF /* csilla-rodonyi-underwater-019.gif */,
				BD1E4D242A7BAD4300A5F2DF /* GifImage.swift */,
				BDDB30E02A7914FF00BC4A0F /* Assets.xcassets */,
				BDDB30E22A7914FF00BC4A0F /* Preview Content */,
			);
			path = finalProject;
			sourceTree = "<group>";
		};
		BDDB30E22A7914FF00BC4A0F /* Preview Content */ = {
			isa = PBXGroup;
			children = (
				BDDB30E32A7914FF00BC4A0F /* Preview Assets.xcassets */,
			);
			path = "Preview Content";
			sourceTree = "<group>";
		};
/* End PBXGroup section */

/* Begin PBXNativeTarget section */
		BDDB30D82A7914FF00BC4A0F /* finalProject */ = {
			isa = PBXNativeTarget;
			buildConfigurationList = BDDB30E72A7914FF00BC4A0F /* Build configuration list for PBXNativeTarget "finalProject" */;
			buildPhases = (
				BDDB30D52A7914FF00BC4A0F /* Sources */,
				BDDB30D62A7914FF00BC4A0F /* Frameworks */,
				BDDB30D72A7914FF00BC4A0F /* Resources */,
			);
			buildRules = (
			);
			dependencies = (
			);
			name = finalProject;
			packageProductDependencies = (
				BD2DBC172A7A896C00233CD9 /* FLAnimatedImage */,
			);
			productName = finalProject;
			productReference = BDDB30D92A7914FF00BC4A0F /* finalProject.app */;
			productType = "com.apple.product-type.application";
		};
/* End PBXNativeTarget section */

/* Begin PBXProject section */
		BDDB30D12A7914FF00BC4A0F /* Project object */ = {
			isa = PBXProject;
			attributes = {
				BuildIndependentTargetsInParallel = 1;
				LastSwiftUpdateCheck = 1430;
				LastUpgradeCheck = 1430;
				TargetAttributes = {
					BDDB30D82A7914FF00BC4A0F = {
						CreatedOnToolsVersion = 14.3.1;
					};
				};
			};
			buildConfigurationList = BDDB30D42A7914FF00BC4A0F /* Build configuration list for PBXProject "finalProject" */;
			compatibilityVersion = "Xcode 14.0";
			developmentRegion = en;
			hasScannedForEncodings = 0;
			knownRegions = (
				en,
				Base,
			);
			mainGroup = BDDB30D02A7914FF00BC4A0F;
			packageReferences = (
				BD2DBC162A7A896C00233CD9 /* XCRemoteSwiftPackageReference "FLAnimatedImage" */,
			);
			productRefGroup = BDDB30DA2A7914FF00BC4A0F /* Products */;
			projectDirPath = "";
			projectRoot = "";
			targets = (
				BDDB30D82A7914FF00BC4A0F /* finalProject */,
			);
		};
/* End PBXProject section */

/* Begin PBXResourcesBuildPhase section */
		BDDB30D72A7914FF00BC4A0F /* Resources */ = {
			isa = PBXResourcesBuildPhase;
			buildActionMask = 2147483647;
			files = (
				BDDB30E42A7914FF00BC4A0F /* Preview Assets.xcassets in Resources */,
				BDDB30E12A7914FF00BC4A0F /* Assets.xcassets in Resources */,
				BD1E4D272A7BAD5E00A5F2DF /* csilla-rodonyi-underwater-019.gif in Resources */,
			);
			runOnlyForDeploymentPostprocessing = 0;
		};
/* End PBXResourcesBuildPhase section */

/* Begin PBXSourcesBuildPhase section */
		BDDB30D52A7914FF00BC4A0F /* Sources */ = {
			isa = PBXSourcesBuildPhase;
			buildActionMask = 2147483647;
			files = (
				BDDB30DF2A7914FF00BC4A0F /* ContentView.swift in Sources */,
				BDDB30F32A79167600BC4A0F /* MyListView.swift in Sources */,
				BD1E4D252A7BAD4300A5F2DF /* GifImage.swift in Sources */,
				BDDB30F92A794D8A00BC4A0F /* HorrorQTWO.swift in Sources */,
				BDDB30F72A7942A400BC4A0F /* HorrorQOne.swift in Sources */,
				BDDB30ED2A79162A00BC4A0F /* CategoriesPage.swift in Sources */,
				BD2DBC152A7A84C600233CD9 /* NavBarTest.swift in Sources */,
				F87FCA042A7AE69F00939C80 /* HorrorQThree.swift in Sources */,
				BDDB30F12A79165D00BC4A0F /* RecsView.swift in Sources */,
				BDDB30DD2A7914FF00BC4A0F /* finalProjectApp.swift in Sources */,
				BD3E6E952A7BBBE900DD2893 /* UsFilmView.swift in Sources */,
				BD2DBC132A7A627700233CD9 /* MovieGenresView.swift in Sources */,
			);
			runOnlyForDeploymentPostprocessing = 0;
		};
/* End PBXSourcesBuildPhase section */

/* Begin XCBuildConfiguration section */
		BDDB30E52A7914FF00BC4A0F /* Debug */ = {
			isa = XCBuildConfiguration;
			buildSettings = {
				ALWAYS_SEARCH_USER_PATHS = NO;
				CLANG_ANALYZER_NONNULL = YES;
				CLANG_ANALYZER_NUMBER_OBJECT_CONVERSION = YES_AGGRESSIVE;
				CLANG_CXX_LANGUAGE_STANDARD = "gnu++20";
				CLANG_ENABLE_MODULES = YES;
				CLANG_ENABLE_OBJC_ARC = YES;
				CLANG_ENABLE_OBJC_WEAK = YES;
				CLANG_WARN_BLOCK_CAPTURE_AUTORELEASING = YES;
				CLANG_WARN_BOOL_CONVERSION = YES;
				CLANG_WARN_COMMA = YES;
				CLANG_WARN_CONSTANT_CONVERSION = YES;
				CLANG_WARN_DEPRECATED_OBJC_IMPLEMENTATIONS = YES;
				CLANG_WARN_DIRECT_OBJC_ISA_USAGE = YES_ERROR;
				CLANG_WARN_DOCUMENTATION_COMMENTS = YES;
				CLANG_WARN_EMPTY_BODY = YES;
				CLANG_WARN_ENUM_CONVERSION = YES;
				CLANG_WARN_INFINITE_RECURSION = YES;
				CLANG_WARN_INT_CONVERSION = YES;
				CLANG_WARN_NON_LITERAL_NULL_CONVERSION = YES;
				CLANG_WARN_OBJC_IMPLICIT_RETAIN_SELF = YES;
				CLANG_WARN_OBJC_LITERAL_CONVERSION = YES;
				CLANG_WARN_OBJC_ROOT_CLASS = YES_ERROR;
				CLANG_WARN_QUOTED_INCLUDE_IN_FRAMEWORK_HEADER = YES;
				CLANG_WARN_RANGE_LOOP_ANALYSIS = YES;
				CLANG_WARN_STRICT_PROTOTYPES = YES;
				CLANG_WARN_SUSPICIOUS_MOVE = YES;
				CLANG_WARN_UNGUARDED_AVAILABILITY = YES_AGGRESSIVE;
				CLANG_WARN_UNREACHABLE_CODE = YES;
				CLANG_WARN__DUPLICATE_METHOD_MATCH = YES;
				COPY_PHASE_STRIP = NO;
				DEBUG_INFORMATION_FORMAT = dwarf;
				ENABLE_STRICT_OBJC_MSGSEND = YES;
				ENABLE_TESTABILITY = YES;
				GCC_C_LANGUAGE_STANDARD = gnu11;
				GCC_DYNAMIC_NO_PIC = NO;
				GCC_NO_COMMON_BLOCKS = YES;
				GCC_OPTIMIZATION_LEVEL = 0;
				GCC_PREPROCESSOR_DEFINITIONS = (
					"DEBUG=1",
					"$(inherited)",
				);
				GCC_WARN_64_TO_32_BIT_CONVERSION = YES;
				GCC_WARN_ABOUT_RETURN_TYPE = YES_ERROR;
				GCC_WARN_UNDECLARED_SELECTOR = YES;
				GCC_WARN_UNINITIALIZED_AUTOS = YES_AGGRESSIVE;
				GCC_WARN_UNUSED_FUNCTION = YES;
				GCC_WARN_UNUSED_VARIABLE = YES;
				IPHONEOS_DEPLOYMENT_TARGET = 16.4;
				MTL_ENABLE_DEBUG_INFO = INCLUDE_SOURCE;
				MTL_FAST_MATH = YES;
				ONLY_ACTIVE_ARCH = YES;
				SDKROOT = iphoneos;
				SWIFT_ACTIVE_COMPILATION_CONDITIONS = DEBUG;
				SWIFT_OPTIMIZATION_LEVEL = "-Onone";
			};
			name = Debug;
		};
		BDDB30E62A7914FF00BC4A0F /* Release */ = {
			isa = XCBuildConfiguration;
			buildSettings = {
				ALWAYS_SEARCH_USER_PATHS = NO;
				CLANG_ANALYZER_NONNULL = YES;
				CLANG_ANALYZER_NUMBER_OBJECT_CONVERSION = YES_AGGRESSIVE;
				CLANG_CXX_LANGUAGE_STANDARD = "gnu++20";
				CLANG_ENABLE_MODULES = YES;
				CLANG_ENABLE_OBJC_ARC = YES;
				CLANG_ENABLE_OBJC_WEAK = YES;
				CLANG_WARN_BLOCK_CAPTURE_AUTORELEASING = YES;
				CLANG_WARN_BOOL_CONVERSION = YES;
				CLANG_WARN_COMMA = YES;
				CLANG_WARN_CONSTANT_CONVERSION = YES;
				CLANG_WARN_DEPRECATED_OBJC_IMPLEMENTATIONS = YES;
				CLANG_WARN_DIRECT_OBJC_ISA_USAGE = YES_ERROR;
				CLANG_WARN_DOCUMENTATION_COMMENTS = YES;
				CLANG_WARN_EMPTY_BODY = YES;
				CLANG_WARN_ENUM_CONVERSION = YES;
				CLANG_WARN_INFINITE_RECURSION = YES;
				CLANG_WARN_INT_CONVERSION = YES;
				CLANG_WARN_NON_LITERAL_NULL_CONVERSION = YES;
				CLANG_WARN_OBJC_IMPLICIT_RETAIN_SELF = YES;
				CLANG_WARN_OBJC_LITERAL_CONVERSION = YES;
				CLANG_WARN_OBJC_ROOT_CLASS = YES_ERROR;
				CLANG_WARN_QUOTED_INCLUDE_IN_FRAMEWORK_HEADER = YES;
				CLANG_WARN_RANGE_LOOP_ANALYSIS = YES;
				CLANG_WARN_STRICT_PROTOTYPES = YES;
				CLANG_WARN_SUSPICIOUS_MOVE = YES;
				CLANG_WARN_UNGUARDED_AVAILABILITY = YES_AGGRESSIVE;
				CLANG_WARN_UNREACHABLE_CODE = YES;
				CLANG_WARN__DUPLICATE_METHOD_MATCH = YES;
				COPY_PHASE_STRIP = NO;
				DEBUG_INFORMATION_FORMAT = "dwarf-with-dsym";
				ENABLE_NS_ASSERTIONS = NO;
				ENABLE_STRICT_OBJC_MSGSEND = YES;
				GCC_C_LANGUAGE_STANDARD = gnu11;
				GCC_NO_COMMON_BLOCKS = YES;
				GCC_WARN_64_TO_32_BIT_CONVERSION = YES;
				GCC_WARN_ABOUT_RETURN_TYPE = YES_ERROR;
				GCC_WARN_UNDECLARED_SELECTOR = YES;
				GCC_WARN_UNINITIALIZED_AUTOS = YES_AGGRESSIVE;
				GCC_WARN_UNUSED_FUNCTION = YES;
				GCC_WARN_UNUSED_VARIABLE = YES;
				IPHONEOS_DEPLOYMENT_TARGET = 16.4;
				MTL_ENABLE_DEBUG_INFO = NO;
				MTL_FAST_MATH = YES;
				SDKROOT = iphoneos;
				SWIFT_COMPILATION_MODE = wholemodule;
				SWIFT_OPTIMIZATION_LEVEL = "-O";
				VALIDATE_PRODUCT = YES;
			};
			name = Release;
		};
		BDDB30E82A7914FF00BC4A0F /* Debug */ = {
			isa = XCBuildConfiguration;
			buildSettings = {
				ASSETCATALOG_COMPILER_APPICON_NAME = AppIcon;
				ASSETCATALOG_COMPILER_GLOBAL_ACCENT_COLOR_NAME = AccentColor;
				CODE_SIGN_STYLE = Automatic;
				CURRENT_PROJECT_VERSION = 1;
				DEVELOPMENT_ASSET_PATHS = "\"finalProject/Preview Content\"";
				ENABLE_PREVIEWS = YES;
				GENERATE_INFOPLIST_FILE = YES;
				INFOPLIST_KEY_UIApplicationSceneManifest_Generation = YES;
				INFOPLIST_KEY_UIApplicationSupportsIndirectInputEvents = YES;
				INFOPLIST_KEY_UILaunchScreen_Generation = YES;
				INFOPLIST_KEY_UISupportedInterfaceOrientations_iPad = "UIInterfaceOrientationPortrait UIInterfaceOrientationPortraitUpsideDown UIInterfaceOrientationLandscapeLeft UIInterfaceOrientationLandscapeRight";
				INFOPLIST_KEY_UISupportedInterfaceOrientations_iPhone = "UIInterfaceOrientationPortrait UIInterfaceOrientationLandscapeLeft UIInterfaceOrientationLandscapeRight";
				LD_RUNPATH_SEARCH_PATHS = (
					"$(inherited)",
					"@executable_path/Frameworks",
				);
				MARKETING_VERSION = 1.0;
				PRODUCT_BUNDLE_IDENTIFIER = kwk.finalProject;
				PRODUCT_NAME = "$(TARGET_NAME)";
				SWIFT_EMIT_LOC_STRINGS = YES;
				SWIFT_VERSION = 5.0;
				TARGETED_DEVICE_FAMILY = "1,2";
			};
			name = Debug;
		};
		BDDB30E92A7914FF00BC4A0F /* Release */ = {
			isa = XCBuildConfiguration;
			buildSettings = {
				ASSETCATALOG_COMPILER_APPICON_NAME = AppIcon;
				ASSETCATALOG_COMPILER_GLOBAL_ACCENT_COLOR_NAME = AccentColor;
				CODE_SIGN_STYLE = Automatic;
				CURRENT_PROJECT_VERSION = 1;
				DEVELOPMENT_ASSET_PATHS = "\"finalProject/Preview Content\"";
				ENABLE_PREVIEWS = YES;
				GENERATE_INFOPLIST_FILE = YES;
				INFOPLIST_KEY_UIApplicationSceneManifest_Generation = YES;
				INFOPLIST_KEY_UIApplicationSupportsIndirectInputEvents = YES;
				INFOPLIST_KEY_UILaunchScreen_Generation = YES;
				INFOPLIST_KEY_UISupportedInterfaceOrientations_iPad = "UIInterfaceOrientationPortrait UIInterfaceOrientationPortraitUpsideDown UIInterfaceOrientationLandscapeLeft UIInterfaceOrientationLandscapeRight";
				INFOPLIST_KEY_UISupportedInterfaceOrientations_iPhone = "UIInterfaceOrientationPortrait UIInterfaceOrientationLandscapeLeft UIInterfaceOrientationLandscapeRight";
				LD_RUNPATH_SEARCH_PATHS = (
					"$(inherited)",
					"@executable_path/Frameworks",
				);
				MARKETING_VERSION = 1.0;
				PRODUCT_BUNDLE_IDENTIFIER = kwk.finalProject;
				PRODUCT_NAME = "$(TARGET_NAME)";
				SWIFT_EMIT_LOC_STRINGS = YES;
				SWIFT_VERSION = 5.0;
				TARGETED_DEVICE_FAMILY = "1,2";
			};
			name = Release;
		};
/* End XCBuildConfiguration section */

/* Begin XCConfigurationList section */
		BDDB30D42A7914FF00BC4A0F /* Build configuration list for PBXProject "finalProject" */ = {
			isa = XCConfigurationList;
			buildConfigurations = (
				BDDB30E52A7914FF00BC4A0F /* Debug */,
				BDDB30E62A7914FF00BC4A0F /* Release */,
			);
			defaultConfigurationIsVisible = 0;
			defaultConfigurationName = Release;
		};
		BDDB30E72A7914FF00BC4A0F /* Build configuration list for PBXNativeTarget "finalProject" */ = {
			isa = XCConfigurationList;
			buildConfigurations = (
				BDDB30E82A7914FF00BC4A0F /* Debug */,
				BDDB30E92A7914FF00BC4A0F /* Release */,
			);
			defaultConfigurationIsVisible = 0;
			defaultConfigurationName = Release;
		};
/* End XCConfigurationList section */

/* Begin XCRemoteSwiftPackageReference section */
		BD2DBC162A7A896C00233CD9 /* XCRemoteSwiftPackageReference "FLAnimatedImage" */ = {
			isa = XCRemoteSwiftPackageReference;
			repositoryURL = "https://github.com/Flipboard/FLAnimatedImage";
			requirement = {
				kind = upToNextMajorVersion;
				minimumVersion = 1.0.0;
			};
		};
/* End XCRemoteSwiftPackageReference section */

/* Begin XCSwiftPackageProductDependency section */
		BD2DBC172A7A896C00233CD9 /* FLAnimatedImage */ = {
			isa = XCSwiftPackageProductDependency;
			package = BD2DBC162A7A896C00233CD9 /* XCRemoteSwiftPackageReference "FLAnimatedImage" */;
			productName = FLAnimatedImage;
		};
/* End XCSwiftPackageProductDependency section */
	};
	rootObject = BDDB30D12A7914FF00BC4A0F /* Project object */;
}
